
Microsoft Visual Studio Solution File, Format Version 12.00
# Visual Studio Version 17
VisualStudioVersion = 17.11.35312.102
MinimumVisualStudioVersion = 10.0.40219.1
Project("{9A19103F-16F7-4668-BE54-9A1E7A4F7556}") = "WPFUI", "Wild_One_V2_001\WPFUI.csproj", "{563C1355-6EDD-4976-8097-6FBD05732BB9}"
EndProject
Project("{9A19103F-16F7-4668-BE54-9A1E7A4F7556}") = "Engine", "Engine\Engine.csproj", "{2B7AB39D-E683-47A5-9FAC-01B5D1185462}"
EndProject
Project("{2150E333-8FDC-42A3-9474-1A3956D46DE8}") = "Docs", "Docs", "{BB588760-6931-4F91-80F9-16F8B88BDA24}"
	ProjectSection(SolutionItems) = preProject
		LicensesConsumed.md = LicensesConsumed.md
	EndProjectSection
EndProject
Project("{FAE04EC0-301F-11D3-BF4B-00C04F79EFBC}") = "SOSCSRPG.Models", "SOSCSRPG.Models\SOSCSRPG.Models.csproj", "{ED6702DE-3560-4DC6-9A2D-A95A66D3E42A}"
EndProject
Project("{FAE04EC0-301F-11D3-BF4B-00C04F79EFBC}") = "SOSCSRPG.Services", "SOSCSRPG.Services\SOSCSRPG.Services.csproj", "{3DCF6EA9-682C-427E-A478-DE369950EA51}"
EndProject
Project("{FAE04EC0-301F-11D3-BF4B-00C04F79EFBC}") = "SOSCSRPG.ViewModels", "SOSCSRPG.ViewModels\SOSCSRPG.ViewModels.csproj", "{F3B79DFC-B97E-4CC9-8140-D56475FC2E72}"
EndProject
Project("{FAE04EC0-301F-11D3-BF4B-00C04F79EFBC}") = "SOSCSRPG.Core", "SOSCSRPG.Core\SOSCSRPG.Core.csproj", "{96482F85-3423-4EB1-B5E5-AFB616377F70}"
EndProject
Global
	GlobalSection(SolutionConfigurationPlatforms) = preSolution
		Debug|Any CPU = Debug|Any CPU
		Release|Any CPU = Release|Any CPU
	EndGlobalSection
	GlobalSection(ProjectConfigurationPlatforms) = postSolution
		{563C1355-6EDD-4976-8097-6FBD05732BB9}.Debug|Any CPU.ActiveCfg = Debug|Any CPU
		{563C1355-6EDD-4976-8097-6FBD05732BB9}.Debug|Any CPU.Build.0 = Debug|Any CPU
		{563C1355-6EDD-4976-8097-6FBD05732BB9}.Release|Any CPU.ActiveCfg = Release|Any CPU
		{563C1355-6EDD-4976-8097-6FBD05732BB9}.Release|Any CPU.Build.0 = Release|Any CPU
		{2B7AB39D-E683-47A5-9FAC-01B5D1185462}.Debug|Any CPU.ActiveCfg = Debug|Any CPU
		{2B7AB39D-E683-47A5-9FAC-01B5D1185462}.Debug|Any CPU.Build.0 = Debug|Any CPU
		{2B7AB39D-E683-47A5-9FAC-01B5D1185462}.Release|Any CPU.ActiveCfg = Release|Any CPU
		{2B7AB39D-E683-47A5-9FAC-01B5D1185462}.Release|Any CPU.Build.0 = Release|Any CPU
		{ED6702DE-3560-4DC6-9A2D-A95A66D3E42A}.Debug|Any CPU.ActiveCfg = Debug|Any CPU
		{ED6702DE-3560-4DC6-9A2D-A95A66D3E42A}.Debug|Any CPU.Build.0 = Debug|Any CPU
		{ED6702DE-3560-4DC6-9A2D-A95A66D3E42A}.Release|Any CPU.ActiveCfg = Release|Any CPU
		{ED6702DE-3560-4DC6-9A2D-A95A66D3E42A}.Release|Any CPU.Build.0 = Release|Any CPU
		{3DCF6EA9-682C-427E-A478-DE369950EA51}.Debug|Any CPU.ActiveCfg = Debug|Any CPU
		{3DCF6EA9-682C-427E-A478-DE369950EA51}.Debug|Any CPU.Build.0 = Debug|Any CPU
		{3DCF6EA9-682C-427E-A478-DE369950EA51}.Release|Any CPU.ActiveCfg = Release|Any CPU
		{3DCF6EA9-682C-427E-A478-DE369950EA51}.Release|Any CPU.Build.0 = Release|Any CPU
		{F3B79DFC-B97E-4CC9-8140-D56475FC2E72}.Debug|Any CPU.ActiveCfg = Debug|Any CPU
		{F3B79DFC-B97E-4CC9-8140-D56475FC2E72}.Debug|Any CPU.Build.0 = Debug|Any CPU
		{F3B79DFC-B97E-4CC9-8140-D56475FC2E72}.Release|Any CPU.ActiveCfg = Release|Any CPU
		{F3B79DFC-B97E-4CC9-8140-D56475FC2E72}.Release|Any CPU.Build.0 = Release|Any CPU
		{96482F85-3423-4EB1-B5E5-AFB616377F70}.Debug|Any CPU.ActiveCfg = Debug|Any CPU
		{96482F85-3423-4EB1-B5E5-AFB616377F70}.Debug|Any CPU.Build.0 = Debug|Any CPU
		{96482F85-3423-4EB1-B5E5-AFB616377F70}.Release|Any CPU.ActiveCfg = Release|Any CPU
		{96482F85-3423-4EB1-B5E5-AFB616377F70}.Release|Any CPU.Build.0 = Release|Any CPU
	EndGlobalSection
	GlobalSection(SolutionProperties) = preSolution
		HideSolutionNode = FALSE
	EndGlobalSection
	GlobalSection(ExtensibilityGlobals) = postSolution
		SolutionGuid = {88A5B3DF-A103-43EA-9166-632933EC4E6E}
	EndGlobalSection
EndGlobal
